github.com/phil-mansfield/pyplot v0.0.0-20150905195044-eee789bae701 h1:SMez3FX3MywcT+54kgr3Eb+uqGkHvuPPVnLI0OCLMPI=
github.com/phil-mansfield/pyplot v0.0.0-20150905195044-eee789bae701/go.mod h1:6UQCJ2ZXnqlA3CXbfQTKrUnBNSF+nCNXoxtXph+Y67I=
github.com/phil-mansfield/table v0.0.0-20150719233545-c07e84d457f7 h1:oQZT3v12xAsWEuIybu/Mt0ES6qRF7eZb3+E5MUa7ivA=
github.com/phil-mansfield/table v0.0.0-20150719233545-c07e84d457f7/go.mod h1:ABsWhvHmqS2mgu0M4GjwzJk36r146JIax5sOHsThkY4=
gopkg.in/gcfg.v1 v1.2.3 h1:m8OOJ4ccYHnx2f4gQwpno8nAX5OGOh7RLaaz0pj3Ogs=
gopkg.in/gcfg.v1 v1.2.3/go.mod h1:yesOnuUOFQAhST5vPY4nbZsb/huCgGGXlipJsBn0b3o=
gopkg.in/warnings.v0 v0.1.2 h1:wFXVbFY8DY5/xOe1ECiWdKCzZlxgshcYVNkBHstARME=
gopkg.in/warnings.v0 v0.1.2/go.mod h1:jksf8JmL6Qr/oQM2OXTHunEvvTAsrWBLb6OOjuVWRNI=
